
Microsoft Visual Studio Solution File, Format Version 12.00
# Visual Studio Version 16
VisualStudioVersion = 16.0.31911.196
MinimumVisualStudioVersion = 10.0.40219.1
Project("{9A19103F-16F7-4668-BE54-9A1E7A4F7556}") = "ModelsLibrary", "ModelsLibrary\ModelsLibrary.csproj", "{A681FD1D-D33D-4EC1-BF32-3E95EFD396D3}"
EndProject
Project("{9A19103F-16F7-4668-BE54-9A1E7A4F7556}") = "AuthorAPI", "AuthorAPI\AuthorAPI.csproj", "{F365AE00-6CA3-45F2-9BF8-EF7F64418AA9}"
EndProject
Project("{FAE04EC0-301F-11D3-BF4B-00C04F79EFBC}") = "AuthorBlazor", "AuthorBlazor\AuthorBlazor.csproj", "{DE0B5E38-DDD7-4C18-9B99-4187008EB279}"
EndProject
Global
	GlobalSection(SolutionConfigurationPlatforms) = preSolution
		Debug|Any CPU = Debug|Any CPU
		Release|Any CPU = Release|Any CPU
	EndGlobalSection
	GlobalSection(ProjectConfigurationPlatforms) = postSolution
		{A681FD1D-D33D-4EC1-BF32-3E95EFD396D3}.Debug|Any CPU.ActiveCfg = Debug|Any CPU
		{A681FD1D-D33D-4EC1-BF32-3E95EFD396D3}.Debug|Any CPU.Build.0 = Debug|Any CPU
		{A681FD1D-D33D-4EC1-BF32-3E95EFD396D3}.Release|Any CPU.ActiveCfg = Release|Any CPU
		{A681FD1D-D33D-4EC1-BF32-3E95EFD396D3}.Release|Any CPU.Build.0 = Release|Any CPU
		{F365AE00-6CA3-45F2-9BF8-EF7F64418AA9}.Debug|Any CPU.ActiveCfg = Debug|Any CPU
		{F365AE00-6CA3-45F2-9BF8-EF7F64418AA9}.Debug|Any CPU.Build.0 = Debug|Any CPU
		{F365AE00-6CA3-45F2-9BF8-EF7F64418AA9}.Release|Any CPU.ActiveCfg = Release|Any CPU
		{F365AE00-6CA3-45F2-9BF8-EF7F64418AA9}.Release|Any CPU.Build.0 = Release|Any CPU
		{DE0B5E38-DDD7-4C18-9B99-4187008EB279}.Debug|Any CPU.ActiveCfg = Debug|Any CPU
		{DE0B5E38-DDD7-4C18-9B99-4187008EB279}.Debug|Any CPU.Build.0 = Debug|Any CPU
		{DE0B5E38-DDD7-4C18-9B99-4187008EB279}.Release|Any CPU.ActiveCfg = Release|Any CPU
		{DE0B5E38-DDD7-4C18-9B99-4187008EB279}.Release|Any CPU.Build.0 = Release|Any CPU
	EndGlobalSection
	GlobalSection(SolutionProperties) = preSolution
		HideSolutionNode = FALSE
	EndGlobalSection
	GlobalSection(ExtensibilityGlobals) = postSolution
		SolutionGuid = {35936213-8F86-4A88-A256-6F6E2E7BC910}
	EndGlobalSection
EndGlobal
